
Microsoft Visual Studio Solution File, Format Version 12.00
Project("{FAE04EC0-301F-11D3-BF4B-00C04F79EFBC}") = "Catalogue", "Catalogue\Catalogue.csproj", "{21E92877-FE24-4D0E-8052-AB3542AD69E5}"
EndProject
Project("{FAE04EC0-301F-11D3-BF4B-00C04F79EFBC}") = "CatalogueTests", "CatalogueTests\CatalogueTests.csproj", "{3A7D2F3F-DBA2-4CD2-B113-8EAF611C1D15}"
EndProject
Project("{FAE04EC0-301F-11D3-BF4B-00C04F79EFBC}") = "Application", "Application\Application.csproj", "{C64788F0-7AF8-4D4E-B82F-62590F14ECCE}"
EndProject
Global
	GlobalSection(SolutionConfigurationPlatforms) = preSolution
		Debug|Any CPU = Debug|Any CPU
		Release|Any CPU = Release|Any CPU
	EndGlobalSection
	GlobalSection(ProjectConfigurationPlatforms) = postSolution
		{21E92877-FE24-4D0E-8052-AB3542AD69E5}.Debug|Any CPU.ActiveCfg = Debug|Any CPU
		{21E92877-FE24-4D0E-8052-AB3542AD69E5}.Debug|Any CPU.Build.0 = Debug|Any CPU
		{21E92877-FE24-4D0E-8052-AB3542AD69E5}.Release|Any CPU.ActiveCfg = Release|Any CPU
		{21E92877-FE24-4D0E-8052-AB3542AD69E5}.Release|Any CPU.Build.0 = Release|Any CPU
		{3A7D2F3F-DBA2-4CD2-B113-8EAF611C1D15}.Debug|Any CPU.ActiveCfg = Debug|Any CPU
		{3A7D2F3F-DBA2-4CD2-B113-8EAF611C1D15}.Debug|Any CPU.Build.0 = Debug|Any CPU
		{3A7D2F3F-DBA2-4CD2-B113-8EAF611C1D15}.Release|Any CPU.ActiveCfg = Release|Any CPU
		{3A7D2F3F-DBA2-4CD2-B113-8EAF611C1D15}.Release|Any CPU.Build.0 = Release|Any CPU
		{C64788F0-7AF8-4D4E-B82F-62590F14ECCE}.Debug|Any CPU.ActiveCfg = Debug|Any CPU
		{C64788F0-7AF8-4D4E-B82F-62590F14ECCE}.Debug|Any CPU.Build.0 = Debug|Any CPU
		{C64788F0-7AF8-4D4E-B82F-62590F14ECCE}.Release|Any CPU.ActiveCfg = Release|Any CPU
		{C64788F0-7AF8-4D4E-B82F-62590F14ECCE}.Release|Any CPU.Build.0 = Release|Any CPU
	EndGlobalSection
EndGlobal
